
Microsoft Visual Studio Solution File, Format Version 12.00
# Visual Studio Version 16
VisualStudioVersion = 16.0.29609.76
MinimumVisualStudioVersion = 10.0.40219.1
Project("{FAE04EC0-301F-11D3-BF4B-00C04F79EFBC}") = "Task2", "Task2\Task2.csproj", "{EB3CDFBF-40F0-492E-8881-2BAA480A3298}"
EndProject
Global
	GlobalSection(SolutionConfigurationPlatforms) = preSolution
		Debug|Any CPU = Debug|Any CPU
		Release|Any CPU = Release|Any CPU
	EndGlobalSection
	GlobalSection(ProjectConfigurationPlatforms) = postSolution
		{EB3CDFBF-40F0-492E-8881-2BAA480A3298}.Debug|Any CPU.ActiveCfg = Debug|Any CPU
		{EB3CDFBF-40F0-492E-8881-2BAA480A3298}.Debug|Any CPU.Build.0 = Debug|Any CPU
		{EB3CDFBF-40F0-492E-8881-2BAA480A3298}.Release|Any CPU.ActiveCfg = Release|Any CPU
		{EB3CDFBF-40F0-492E-8881-2BAA480A3298}.Release|Any CPU.Build.0 = Release|Any CPU
	EndGlobalSection
	GlobalSection(SolutionProperties) = preSolution
		HideSolutionNode = FALSE
	EndGlobalSection
	GlobalSection(ExtensibilityGlobals) = postSolution
		SolutionGuid = {0EF61068-F179-42FE-8C23-29ECE4F570CB}
	EndGlobalSection
EndGlobal
